
Microsoft Visual Studio Solution File, Format Version 12.00
# Visual Studio Version 16
VisualStudioVersion = 16.0.32413.511
MinimumVisualStudioVersion = 10.0.40219.1
Project("{FAE04EC0-301F-11D3-BF4B-00C04F79EFBC}") = "myioAPI", "myioAPI\myioAPI.csproj", "{88B3D479-8F78-471E-8A92-9DC9F9FAED0C}"
EndProject
Global
	GlobalSection(SolutionConfigurationPlatforms) = preSolution
		Debug|Any CPU = Debug|Any CPU
		Release|Any CPU = Release|Any CPU
	EndGlobalSection
	GlobalSection(ProjectConfigurationPlatforms) = postSolution
		{88B3D479-8F78-471E-8A92-9DC9F9FAED0C}.Debug|Any CPU.ActiveCfg = Debug|Any CPU
		{88B3D479-8F78-471E-8A92-9DC9F9FAED0C}.Debug|Any CPU.Build.0 = Debug|Any CPU
		{88B3D479-8F78-471E-8A92-9DC9F9FAED0C}.Release|Any CPU.ActiveCfg = Release|Any CPU
		{88B3D479-8F78-471E-8A92-9DC9F9FAED0C}.Release|Any CPU.Build.0 = Release|Any CPU
	EndGlobalSection
	GlobalSection(SolutionProperties) = preSolution
		HideSolutionNode = FALSE
	EndGlobalSection
	GlobalSection(ExtensibilityGlobals) = postSolution
		SolutionGuid = {A7D25E92-F045-47ED-B6FB-81D6E00A200B}
	EndGlobalSection
EndGlobal
